Microsoft Visual Studio Solution File, Format Version 12.00
# Visual Studio Version 17
VisualStudioVersion = 17.13.35828.75
MinimumVisualStudioVersion = 10.0.40219.1
Project("{FAE04EC0-301F-11D3-BF4B-00C04F79EFBC}") = "TASK_LEC_5", "TASK_LEC_5\TASK_LEC_5.csproj", "{1C725062-E1E9-4E22-B9D1-C0840C96326E}"
EndProject
Global
	GlobalSection(SolutionConfigurationPlatforms) = preSolution
		Debug|Any CPU = Debug|Any CPU
		Release|Any CPU = Release|Any CPU
	EndGlobalSection
	GlobalSection(ProjectConfigurationPlatforms) = postSolution
		{1C725062-E1E9-4E22-B9D1-C0840C96326E}.Debug|Any CPU.ActiveCfg = Debug|Any CPU
		{1C725062-E1E9-4E22-B9D1-C0840C96326E}.Debug|Any CPU.Build.0 = Debug|Any CPU
		{1C725062-E1E9-4E22-B9D1-C0840C96326E}.Release|Any CPU.ActiveCfg = Release|Any CPU
		{1C725062-E1E9-4E22-B9D1-C0840C96326E}.Release|Any CPU.Build.0 = Release|Any CPU
	EndGlobalSection
	GlobalSection(SolutionProperties) = preSolution
		HideSolutionNode = FALSE
	EndGlobalSection
	GlobalSection(ExtensibilityGlobals) = postSolution
		SolutionGuid = {896346BA-AB25-419C-BCF5-F917A75C1ED5}
	EndGlobalSection
EndGlobal
